
Microsoft Visual Studio Solution File, Format Version 12.00
# Visual Studio Version 17
VisualStudioVersion = 17.0.31903.59
MinimumVisualStudioVersion = 10.0.40219.1
Project("{FAE04EC0-301F-11D3-BF4B-00C04F79EFBC}") = "ReservaFacil.API", "ReservaFacil.API\ReservaFacil.API.csproj", "{C949E130-4CE2-41F2-8BDD-FB6C7D5C81BD}"
EndProject
Project("{FAE04EC0-301F-11D3-BF4B-00C04F79EFBC}") = "ReservaFacil.Application", "ReservaFacil.Application\ReservaFacil.Application.csproj", "{3B7B30D2-9058-48DD-A2BE-A463F2450749}"
EndProject
Project("{FAE04EC0-301F-11D3-BF4B-00C04F79EFBC}") = "ReservaFacil.Domain", "ReservaFacil.Domain\ReservaFacil.Domain.csproj", "{205CF364-2B14-4B69-ACA6-AEE352AB2E71}"
EndProject
Project("{FAE04EC0-301F-11D3-BF4B-00C04F79EFBC}") = "ReservaFacil.Infrastructure", "ReservaFacil.Infrastructure\ReservaFacil.Infrastructure.csproj", "{313D0004-4D8B-4F45-B83C-C2596B57A18A}"
EndProject
Project("{FAE04EC0-301F-11D3-BF4B-00C04F79EFBC}") = "ReservaFacil.Tests", "ReservaFacil.Tests\ReservaFacil.Tests.csproj", "{758490F2-B197-498F-8E9A-B1F52DC42DD7}"
EndProject
Project("{FAE04EC0-301F-11D3-BF4B-00C04F79EFBC}") = "ReservaFacil.BddTests", "ReservaFacil.BddTests\ReservaFacil.BddTests.csproj", "{C94DF4D9-B3F8-4BC9-9521-BC1747309BCD}"
EndProject
Global
	GlobalSection(SolutionConfigurationPlatforms) = preSolution
		Debug|Any CPU = Debug|Any CPU
		Release|Any CPU = Release|Any CPU
	EndGlobalSection
	GlobalSection(ProjectConfigurationPlatforms) = postSolution
		{C949E130-4CE2-41F2-8BDD-FB6C7D5C81BD}.Debug|Any CPU.ActiveCfg = Debug|Any CPU
		{C949E130-4CE2-41F2-8BDD-FB6C7D5C81BD}.Debug|Any CPU.Build.0 = Debug|Any CPU
		{C949E130-4CE2-41F2-8BDD-FB6C7D5C81BD}.Release|Any CPU.ActiveCfg = Release|Any CPU
		{C949E130-4CE2-41F2-8BDD-FB6C7D5C81BD}.Release|Any CPU.Build.0 = Release|Any CPU
		{3B7B30D2-9058-48DD-A2BE-A463F2450749}.Debug|Any CPU.ActiveCfg = Debug|Any CPU
		{3B7B30D2-9058-48DD-A2BE-A463F2450749}.Debug|Any CPU.Build.0 = Debug|Any CPU
		{3B7B30D2-9058-48DD-A2BE-A463F2450749}.Release|Any CPU.ActiveCfg = Release|Any CPU
		{3B7B30D2-9058-48DD-A2BE-A463F2450749}.Release|Any CPU.Build.0 = Release|Any CPU
		{205CF364-2B14-4B69-ACA6-AEE352AB2E71}.Debug|Any CPU.ActiveCfg = Debug|Any CPU
		{205CF364-2B14-4B69-ACA6-AEE352AB2E71}.Debug|Any CPU.Build.0 = Debug|Any CPU
		{205CF364-2B14-4B69-ACA6-AEE352AB2E71}.Release|Any CPU.ActiveCfg = Release|Any CPU
		{205CF364-2B14-4B69-ACA6-AEE352AB2E71}.Release|Any CPU.Build.0 = Release|Any CPU
		{313D0004-4D8B-4F45-B83C-C2596B57A18A}.Debug|Any CPU.ActiveCfg = Debug|Any CPU
		{313D0004-4D8B-4F45-B83C-C2596B57A18A}.Debug|Any CPU.Build.0 = Debug|Any CPU
		{313D0004-4D8B-4F45-B83C-C2596B57A18A}.Release|Any CPU.ActiveCfg = Release|Any CPU
		{313D0004-4D8B-4F45-B83C-C2596B57A18A}.Release|Any CPU.Build.0 = Release|Any CPU
		{758490F2-B197-498F-8E9A-B1F52DC42DD7}.Debug|Any CPU.ActiveCfg = Debug|Any CPU
		{758490F2-B197-498F-8E9A-B1F52DC42DD7}.Debug|Any CPU.Build.0 = Debug|Any CPU
		{758490F2-B197-498F-8E9A-B1F52DC42DD7}.Release|Any CPU.ActiveCfg = Release|Any CPU
		{758490F2-B197-498F-8E9A-B1F52DC42DD7}.Release|Any CPU.Build.0 = Release|Any CPU
                {C94DF4D9-B3F8-4BC9-9521-BC1747309BCD}.Debug|Any CPU.ActiveCfg = Debug|Any CPU
                {C94DF4D9-B3F8-4BC9-9521-BC1747309BCD}.Debug|Any CPU.Build.0 = Debug|Any CPU
                {C94DF4D9-B3F8-4BC9-9521-BC1747309BCD}.Release|Any CPU.ActiveCfg = Release|Any CPU
                {C94DF4D9-B3F8-4BC9-9521-BC1747309BCD}.Release|Any CPU.Build.0 = Release|Any CPU
	EndGlobalSection
	GlobalSection(SolutionProperties) = preSolution
		HideSolutionNode = FALSE
	EndGlobalSection
EndGlobal
